
Microsoft Visual Studio Solution File, Format Version 12.00
# Visual Studio Version 17
VisualStudioVersion = 17.2.32526.322
MinimumVisualStudioVersion = 10.0.40219.1
Project("{FAE04EC0-301F-11D3-BF4B-00C04F79EFBC}") = "LopushokNew", "LopushokNew\LopushokNew.csproj", "{9767BCC7-32FB-4A87-A4C0-034387E8D344}"
EndProject
Global
	GlobalSection(SolutionConfigurationPlatforms) = preSolution
		Debug|Any CPU = Debug|Any CPU
		Release|Any CPU = Release|Any CPU
	EndGlobalSection
	GlobalSection(ProjectConfigurationPlatforms) = postSolution
		{9767BCC7-32FB-4A87-A4C0-034387E8D344}.Debug|Any CPU.ActiveCfg = Debug|Any CPU
		{9767BCC7-32FB-4A87-A4C0-034387E8D344}.Debug|Any CPU.Build.0 = Debug|Any CPU
		{9767BCC7-32FB-4A87-A4C0-034387E8D344}.Release|Any CPU.ActiveCfg = Release|Any CPU
		{9767BCC7-32FB-4A87-A4C0-034387E8D344}.Release|Any CPU.Build.0 = Release|Any CPU
	EndGlobalSection
	GlobalSection(SolutionProperties) = preSolution
		HideSolutionNode = FALSE
	EndGlobalSection
	GlobalSection(ExtensibilityGlobals) = postSolution
		SolutionGuid = {205E451A-2E5E-47D9-8D98-808EE851E1C7}
	EndGlobalSection
EndGlobal
